
Microsoft Visual Studio Solution File, Format Version 12.00
# Visual Studio Version 17
VisualStudioVersion = 17.1.32407.343
MinimumVisualStudioVersion = 10.0.40219.1
Project("{FAE04EC0-301F-11D3-BF4B-00C04F79EFBC}") = "GeradorRotas.Frontend", "GeradorRotas\GeradorRotas.Frontend.csproj", "{EB6D639C-C0C8-45C2-90A8-84C4C4B0EB26}"
EndProject
Project("{FAE04EC0-301F-11D3-BF4B-00C04F79EFBC}") = "Models", "Models\Models.csproj", "{1B2F30A2-728C-4C59-9EE6-1F709586B0FB}"
EndProject
Project("{FAE04EC0-301F-11D3-BF4B-00C04F79EFBC}") = "ApiCidade", "ApiCdade\ApiCidade.csproj", "{1716F2F2-527A-49DE-9882-65A5757B51F9}"
EndProject
Project("{FAE04EC0-301F-11D3-BF4B-00C04F79EFBC}") = "ApiEquipe", "ApiEquipe\ApiEquipe.csproj", "{0374A92F-F49C-45C4-927A-C28C626225F3}"
EndProject
Project("{FAE04EC0-301F-11D3-BF4B-00C04F79EFBC}") = "ApiPessoa", "ApiPessoa\ApiPessoa.csproj", "{E7D074AF-91D9-4FBB-B0E1-B7D47122B0AD}"
EndProject
Project("{FAE04EC0-301F-11D3-BF4B-00C04F79EFBC}") = "ApiUsuario", "ApiUsuario\ApiUsuario.csproj", "{5BAF0366-4816-45CB-8768-4431CC2E7280}"
EndProject
Global
	GlobalSection(SolutionConfigurationPlatforms) = preSolution
		Debug|Any CPU = Debug|Any CPU
		Release|Any CPU = Release|Any CPU
	EndGlobalSection
	GlobalSection(ProjectConfigurationPlatforms) = postSolution
		{EB6D639C-C0C8-45C2-90A8-84C4C4B0EB26}.Debug|Any CPU.ActiveCfg = Debug|Any CPU
		{EB6D639C-C0C8-45C2-90A8-84C4C4B0EB26}.Debug|Any CPU.Build.0 = Debug|Any CPU
		{EB6D639C-C0C8-45C2-90A8-84C4C4B0EB26}.Release|Any CPU.ActiveCfg = Release|Any CPU
		{EB6D639C-C0C8-45C2-90A8-84C4C4B0EB26}.Release|Any CPU.Build.0 = Release|Any CPU
		{1B2F30A2-728C-4C59-9EE6-1F709586B0FB}.Debug|Any CPU.ActiveCfg = Debug|Any CPU
		{1B2F30A2-728C-4C59-9EE6-1F709586B0FB}.Debug|Any CPU.Build.0 = Debug|Any CPU
		{1B2F30A2-728C-4C59-9EE6-1F709586B0FB}.Release|Any CPU.ActiveCfg = Release|Any CPU
		{1B2F30A2-728C-4C59-9EE6-1F709586B0FB}.Release|Any CPU.Build.0 = Release|Any CPU
		{1716F2F2-527A-49DE-9882-65A5757B51F9}.Debug|Any CPU.ActiveCfg = Debug|Any CPU
		{1716F2F2-527A-49DE-9882-65A5757B51F9}.Debug|Any CPU.Build.0 = Debug|Any CPU
		{1716F2F2-527A-49DE-9882-65A5757B51F9}.Release|Any CPU.ActiveCfg = Release|Any CPU
		{1716F2F2-527A-49DE-9882-65A5757B51F9}.Release|Any CPU.Build.0 = Release|Any CPU
		{0374A92F-F49C-45C4-927A-C28C626225F3}.Debug|Any CPU.ActiveCfg = Debug|Any CPU
		{0374A92F-F49C-45C4-927A-C28C626225F3}.Debug|Any CPU.Build.0 = Debug|Any CPU
		{0374A92F-F49C-45C4-927A-C28C626225F3}.Release|Any CPU.ActiveCfg = Release|Any CPU
		{0374A92F-F49C-45C4-927A-C28C626225F3}.Release|Any CPU.Build.0 = Release|Any CPU
		{E7D074AF-91D9-4FBB-B0E1-B7D47122B0AD}.Debug|Any CPU.ActiveCfg = Debug|Any CPU
		{E7D074AF-91D9-4FBB-B0E1-B7D47122B0AD}.Debug|Any CPU.Build.0 = Debug|Any CPU
		{E7D074AF-91D9-4FBB-B0E1-B7D47122B0AD}.Release|Any CPU.ActiveCfg = Release|Any CPU
		{E7D074AF-91D9-4FBB-B0E1-B7D47122B0AD}.Release|Any CPU.Build.0 = Release|Any CPU
		{5BAF0366-4816-45CB-8768-4431CC2E7280}.Debug|Any CPU.ActiveCfg = Debug|Any CPU
		{5BAF0366-4816-45CB-8768-4431CC2E7280}.Debug|Any CPU.Build.0 = Debug|Any CPU
		{5BAF0366-4816-45CB-8768-4431CC2E7280}.Release|Any CPU.ActiveCfg = Release|Any CPU
		{5BAF0366-4816-45CB-8768-4431CC2E7280}.Release|Any CPU.Build.0 = Release|Any CPU
	EndGlobalSection
	GlobalSection(SolutionProperties) = preSolution
		HideSolutionNode = FALSE
	EndGlobalSection
	GlobalSection(ExtensibilityGlobals) = postSolution
		SolutionGuid = {A32C531D-E9F4-418C-BEFA-534D43506CB3}
	EndGlobalSection
EndGlobal
